// !$*UTF8*$!
{
	archiveVersion = 1;
	classes = {
	};
	objectVersion = 46;
	objects = {

/* Begin PBXBuildFile section */
		CE6F64561C023028000E7B67 /* Assets.xcassets in Resources */ = {isa = PBXBuildFile; fileRef = CE6F64541C023028000E7B67 /* Assets.xcassets */; };
		CE6F646E1C0230E6000E7B67 /* AssetLicensingNotes.txt in Resources */ = {isa = PBXBuildFile; fileRef = CE6F64591C0230E6000E7B67 /* AssetLicensingNotes.txt */; };
		CE6F646F1C0230E6000E7B67 /* InvaderBullet.wav in Resources */ = {isa = PBXBuildFile; fileRef = CE6F645B1C0230E6000E7B67 /* InvaderBullet.wav */; };
		CE6F64701C0230E6000E7B67 /* InvaderHit.wav in Resources */ = {isa = PBXBuildFile; fileRef = CE6F645C1C0230E6000E7B67 /* InvaderHit.wav */; };
		CE6F64711C0230E6000E7B67 /* ShipBullet.wav in Resources */ = {isa = PBXBuildFile; fileRef = CE6F645D1C0230E6000E7B67 /* ShipBullet.wav */; };
		CE6F64721C0230E6000E7B67 /* ShipHit.wav in Resources */ = {isa = PBXBuildFile; fileRef = CE6F645E1C0230E6000E7B67 /* ShipHit.wav */; };
		CE6F64731C0230E6000E7B67 /* InvaderA_00.png in Resources */ = {isa = PBXBuildFile; fileRef = CE6F64601C0230E6000E7B67 /* InvaderA_00.png */; };
		CE6F64741C0230E6000E7B67 /* InvaderA_00@2x.png in Resources */ = {isa = PBXBuildFile; fileRef = CE6F64611C0230E6000E7B67 /* InvaderA_00@2x.png */; };
		CE6F64751C0230E6000E7B67 /* InvaderA_01.png in Resources */ = {isa = PBXBuildFile; fileRef = CE6F64621C0230E6000E7B67 /* InvaderA_01.png */; };
		CE6F64761C0230E6000E7B67 /* InvaderA_01@2x.png in Resources */ = {isa = PBXBuildFile; fileRef = CE6F64631C0230E6000E7B67 /* InvaderA_01@2x.png */; };
		CE6F64771C0230E6000E7B67 /* InvaderB_00.png in Resources */ = {isa = PBXBuildFile; fileRef = CE6F64641C0230E6000E7B67 /* InvaderB_00.png */; };
		CE6F64781C0230E6000E7B67 /* InvaderB_00@2x.png in Resources */ = {isa = PBXBuildFile; fileRef = CE6F64651C0230E6000E7B67 /* InvaderB_00@2x.png */; };
		CE6F64791C0230E6000E7B67 /* InvaderB_01.png in Resources */ = {isa = PBXBuildFile; fileRef = CE6F64661C0230E6000E7B67 /* InvaderB_01.png */; };
		CE6F647A1C0230E6000E7B67 /* InvaderB_01@2x.png in Resources */ = {isa = PBXBuildFile; fileRef = CE6F64671C0230E6000E7B67 /* InvaderB_01@2x.png */; };
		CE6F647B1C0230E6000E7B67 /* InvaderC_00.png in Resources */ = {isa = PBXBuildFile; fileRef = CE6F64681C0230E6000E7B67 /* InvaderC_00.png */; };
		CE6F647C1C0230E6000E7B67 /* InvaderC_00@2x.png in Resources */ = {isa = PBXBuildFile; fileRef = CE6F64691C0230E6000E7B67 /* InvaderC_00@2x.png */; };
		CE6F647D1C0230E6000E7B67 /* InvaderC_01.png in Resources */ = {isa = PBXBuildFile; fileRef = CE6F646A1C0230E6000E7B67 /* InvaderC_01.png */; };
		CE6F647E1C0230E6000E7B67 /* InvaderC_01@2x.png in Resources */ = {isa = PBXBuildFile; fileRef = CE6F646B1C0230E6000E7B67 /* InvaderC_01@2x.png */; };
		CE6F647F1C0230E6000E7B67 /* Ship.png in Resources */ = {isa = PBXBuildFile; fileRef = CE6F646C1C0230E6000E7B67 /* Ship.png */; };
		CE6F64801C0230E6000E7B67 /* Ship@2x.png in Resources */ = {isa = PBXBuildFile; fileRef = CE6F646D1C0230E6000E7B67 /* Ship@2x.png */; };
		CE6F648F1C0232E0000E7B67 /* XCGLogger.swift in Sources */ = {isa = PBXBuildFile; fileRef = CE6F648B1C0232E0000E7B67 /* XCGLogger.swift */; };
		CED522001C0224F6008E3E3F /* AppDelegate.swift in Sources */ = {isa = PBXBuildFile; fileRef = CED521FF1C0224F6008E3E3F /* AppDelegate.swift */; };
		CED522021C0224F6008E3E3F /* GameScene.sks in Resources */ = {isa = PBXBuildFile; fileRef = CED522011C0224F6008E3E3F /* GameScene.sks */; };
		CED522041C0224F6008E3E3F /* GameScene.swift in Sources */ = {isa = PBXBuildFile; fileRef = CED522031C0224F6008E3E3F /* GameScene.swift */; };
		CED522061C0224F6008E3E3F /* GameViewController.swift in Sources */ = {isa = PBXBuildFile; fileRef = CED522051C0224F6008E3E3F /* GameViewController.swift */; };
		CED522081C0224F6008E3E3F /* Game.xcassets in Resources */ = {isa = PBXBuildFile; fileRef = CED522071C0224F6008E3E3F /* Game.xcassets */; };
		CED5220B1C0224F6008E3E3F /* Main.storyboard in Resources */ = {isa = PBXBuildFile; fileRef = CED522091C0224F6008E3E3F /* Main.storyboard */; };
/* End PBXBuildFile section */

/* Begin PBXFileReference section */
		CE6F64541C023028000E7B67 /* Assets.xcassets */ = {isa = PBXFileReference; lastKnownFileType = folder.assetcatalog; path = Assets.xcassets; sourceTree = "<group>"; };
		CE6F64591C0230E6000E7B67 /* AssetLicensingNotes.txt */ = {isa = PBXFileReference; fileEncoding = 4; lastKnownFileType = text; path = AssetLicensingNotes.txt; sourceTree = "<group>"; };
		CE6F645B1C0230E6000E7B67 /* InvaderBullet.wav */ = {isa = PBXFileReference; lastKnownFileType = audio.wav; path = InvaderBullet.wav; sourceTree = "<group>"; };
		CE6F645C1C0230E6000E7B67 /* InvaderHit.wav */ = {isa = PBXFileReference; lastKnownFileType = audio.wav; path = InvaderHit.wav; sourceTree = "<group>"; };
		CE6F645D1C0230E6000E7B67 /* ShipBullet.wav */ = {isa = PBXFileReference; lastKnownFileType = audio.wav; path = ShipBullet.wav; sourceTree = "<group>"; };
		CE6F645E1C0230E6000E7B67 /* ShipHit.wav */ = {isa = PBXFileReference; lastKnownFileType = audio.wav; path = ShipHit.wav; sourceTree = "<group>"; };
		CE6F64601C0230E6000E7B67 /* InvaderA_00.png */ = {isa = PBXFileReference; lastKnownFileType = image.png; path = InvaderA_00.png; sourceTree = "<group>"; };
		CE6F64611C0230E6000E7B67 /* InvaderA_00@2x.png */ = {isa = PBXFileReference; lastKnownFileType = image.png; path = "InvaderA_00@2x.png"; sourceTree = "<group>"; };
		CE6F64621C0230E6000E7B67 /* InvaderA_01.png */ = {isa = PBXFileReference; lastKnownFileType = image.png; path = InvaderA_01.png; sourceTree = "<group>"; };
		CE6F64631C0230E6000E7B67 /* InvaderA_01@2x.png */ = {isa = PBXFileReference; lastKnownFileType = image.png; path = "InvaderA_01@2x.png"; sourceTree = "<group>"; };
		CE6F64641C0230E6000E7B67 /* InvaderB_00.png */ = {isa = PBXFileReference; lastKnownFileType = image.png; path = InvaderB_00.png; sourceTree = "<group>"; };
		CE6F64651C0230E6000E7B67 /* InvaderB_00@2x.png */ = {isa = PBXFileReference; lastKnownFileType = image.png; path = "InvaderB_00@2x.png"; sourceTree = "<group>"; };
		CE6F64661C0230E6000E7B67 /* InvaderB_01.png */ = {isa = PBXFileReference; lastKnownFileType = image.png; path = InvaderB_01.png; sourceTree = "<group>"; };
		CE6F64671C0230E6000E7B67 /* InvaderB_01@2x.png */ = {isa = PBXFileReference; lastKnownFileType = image.png; path = "InvaderB_01@2x.png"; sourceTree = "<group>"; };
		CE6F64681C0230E6000E7B67 /* InvaderC_00.png */ = {isa = PBXFileReference; lastKnownFileType = image.png; path = InvaderC_00.png; sourceTree = "<group>"; };
		CE6F64691C0230E6000E7B67 /* InvaderC_00@2x.png */ = {isa = PBXFileReference; lastKnownFileType = image.png; path = "InvaderC_00@2x.png"; sourceTree = "<group>"; };
		CE6F646A1C0230E6000E7B67 /* InvaderC_01.png */ = {isa = PBXFileReference; lastKnownFileType = image.png; path = InvaderC_01.png; sourceTree = "<group>"; };
		CE6F646B1C0230E6000E7B67 /* InvaderC_01@2x.png */ = {isa = PBXFileReference; lastKnownFileType = image.png; path = "InvaderC_01@2x.png"; sourceTree = "<group>"; };
		CE6F646C1C0230E6000E7B67 /* Ship.png */ = {isa = PBXFileReference; lastKnownFileType = image.png; path = Ship.png; sourceTree = "<group>"; };
		CE6F646D1C0230E6000E7B67 /* Ship@2x.png */ = {isa = PBXFileReference; lastKnownFileType = image.png; path = "Ship@2x.png"; sourceTree = "<group>"; };
		CE6F648B1C0232E0000E7B67 /* XCGLogger.swift */ = {isa = PBXFileReference; fileEncoding = 4; lastKnownFileType = sourcecode.swift; path = XCGLogger.swift; sourceTree = "<group>"; };
		CED521FC1C0224F6008E3E3F /* SpaceInvaders.app */ = {isa = PBXFileReference; explicitFileType = wrapper.application; includeInIndex = 0; path = SpaceInvaders.app; sourceTree = BUILT_PRODUCTS_DIR; };
		CED521FF1C0224F6008E3E3F /* AppDelegate.swift */ = {isa = PBXFileReference; lastKnownFileType = sourcecode.swift; path = AppDelegate.swift; sourceTree = "<group>"; };
		CED522011C0224F6008E3E3F /* GameScene.sks */ = {isa = PBXFileReference; lastKnownFileType = file.sks; path = GameScene.sks; sourceTree = "<group>"; };
		CED522031C0224F6008E3E3F /* GameScene.swift */ = {isa = PBXFileReference; lastKnownFileType = sourcecode.swift; path = GameScene.swift; sourceTree = "<group>"; };
		CED522051C0224F6008E3E3F /* GameViewController.swift */ = {isa = PBXFileReference; lastKnownFileType = sourcecode.swift; path = GameViewController.swift; sourceTree = "<group>"; };
		CED522071C0224F6008E3E3F /* Game.xcassets */ = {isa = PBXFileReference; lastKnownFileType = folder.assetcatalog; path = Game.xcassets; sourceTree = "<group>"; };
		CED5220A1C0224F6008E3E3F /* Base */ = {isa = PBXFileReference; lastKnownFileType = file.storyboard; name = Base; path = Base.lproj/Main.storyboard; sourceTree = "<group>"; };
		CED5220E1C0224F6008E3E3F /* Info.plist */ = {isa = PBXFileReference; lastKnownFileType = text.plist.xml; path = Info.plist; sourceTree = "<group>"; };
/* End PBXFileReference section */

/* Begin PBXFrameworksBuildPhase section */
		CED521F91C0224F6008E3E3F /* Frameworks */ = {
			isa = PBXFrameworksBuildPhase;
			buildActionMask = 2147483647;
			files = (
			);
			runOnlyForDeploymentPostprocessing = 0;
		};
/* End PBXFrameworksBuildPhase section */

/* Begin PBXGroup section */
		CE6F64581C0230E6000E7B67 /* SIAssets */ = {
			isa = PBXGroup;
			children = (
				CE6F64591C0230E6000E7B67 /* AssetLicensingNotes.txt */,
				CE6F645A1C0230E6000E7B67 /* Sound Effects */,
				CE6F645F1C0230E6000E7B67 /* Sprite Images */,
			);
			path = SIAssets;
			sourceTree = "<group>";
		};
		CE6F645A1C0230E6000E7B67 /* Sound Effects */ = {
			isa = PBXGroup;
			children = (
				CE6F645B1C0230E6000E7B67 /* InvaderBullet.wav */,
				CE6F645C1C0230E6000E7B67 /* InvaderHit.wav */,
				CE6F645D1C0230E6000E7B67 /* ShipBullet.wav */,
				CE6F645E1C0230E6000E7B67 /* ShipHit.wav */,
			);
			path = "Sound Effects";
			sourceTree = "<group>";
		};
		CE6F645F1C0230E6000E7B67 /* Sprite Images */ = {
			isa = PBXGroup;
			children = (
				CE6F64601C0230E6000E7B67 /* InvaderA_00.png */,
				CE6F64611C0230E6000E7B67 /* InvaderA_00@2x.png */,
				CE6F64621C0230E6000E7B67 /* InvaderA_01.png */,
				CE6F64631C0230E6000E7B67 /* InvaderA_01@2x.png */,
				CE6F64641C0230E6000E7B67 /* InvaderB_00.png */,
				CE6F64651C0230E6000E7B67 /* InvaderB_00@2x.png */,
				CE6F64661C0230E6000E7B67 /* InvaderB_01.png */,
				CE6F64671C0230E6000E7B67 /* InvaderB_01@2x.png */,
				CE6F64681C0230E6000E7B67 /* InvaderC_00.png */,
				CE6F64691C0230E6000E7B67 /* InvaderC_00@2x.png */,
				CE6F646A1C0230E6000E7B67 /* InvaderC_01.png */,
				CE6F646B1C0230E6000E7B67 /* InvaderC_01@2x.png */,
				CE6F646C1C0230E6000E7B67 /* Ship.png */,
				CE6F646D1C0230E6000E7B67 /* Ship@2x.png */,
			);
			path = "Sprite Images";
			sourceTree = "<group>";
		};
		CE6F64811C0232E0000E7B67 /* XCGLogger */ = {
			isa = PBXGroup;
			children = (
				CE6F648B1C0232E0000E7B67 /* XCGLogger.swift */,
			);
			name = XCGLogger;
			path = ../XCGLogger/XCGLogger/Library/XCGLogger;
			sourceTree = "<group>";
		};
		CED521F31C0224F6008E3E3F = {
			isa = PBXGroup;
			children = (
				CED521FE1C0224F6008E3E3F /* SpaceInvaders */,
				CE6F64811C0232E0000E7B67 /* XCGLogger */,
				CED521FD1C0224F6008E3E3F /* Products */,
			);
			sourceTree = "<group>";
		};
		CED521FD1C0224F6008E3E3F /* Products */ = {
			isa = PBXGroup;
			children = (
				CED521FC1C0224F6008E3E3F /* SpaceInvaders.app */,
			);
			name = Products;
			sourceTree = "<group>";
		};
		CED521FE1C0224F6008E3E3F /* SpaceInvaders */ = {
			isa = PBXGroup;
			children = (
				CE6F64541C023028000E7B67 /* Assets.xcassets */,
				CED521FF1C0224F6008E3E3F /* AppDelegate.swift */,
				CED522011C0224F6008E3E3F /* GameScene.sks */,
				CED522031C0224F6008E3E3F /* GameScene.swift */,
				CED522051C0224F6008E3E3F /* GameViewController.swift */,
				CED522071C0224F6008E3E3F /* Game.xcassets */,
				CE6F64581C0230E6000E7B67 /* SIAssets */,
				CED522091C0224F6008E3E3F /* Main.storyboard */,
				CED5220E1C0224F6008E3E3F /* Info.plist */,
			);
			path = SpaceInvaders;
			sourceTree = "<group>";
		};
/* End PBXGroup section */

/* Begin PBXNativeTarget section */
		CED521FB1C0224F6008E3E3F /* SpaceInvaders */ = {
			isa = PBXNativeTarget;
			buildConfigurationList = CED522111C0224F6008E3E3F /* Build configuration list for PBXNativeTarget "SpaceInvaders" */;
			buildPhases = (
				CED521F81C0224F6008E3E3F /* Sources */,
				CED521F91C0224F6008E3E3F /* Frameworks */,
				CED521FA1C0224F6008E3E3F /* Resources */,
			);
			buildRules = (
			);
			dependencies = (
			);
			name = SpaceInvaders;
			productName = SpaceInvaders;
			productReference = CED521FC1C0224F6008E3E3F /* SpaceInvaders.app */;
			productType = "com.apple.product-type.application";
		};
/* End PBXNativeTarget section */

/* Begin PBXProject section */
		CED521F41C0224F6008E3E3F /* Project object */ = {
			isa = PBXProject;
			attributes = {
				LastSwiftUpdateCheck = 0710;
				LastUpgradeCheck = 0710;
				ORGANIZATIONNAME = "Donoho Design Group, LLC";
				TargetAttributes = {
					CED521FB1C0224F6008E3E3F = {
						CreatedOnToolsVersion = 7.1.1;
						DevelopmentTeam = 2HH9PF63UY;
					};
				};
			};
			buildConfigurationList = CED521F71C0224F6008E3E3F /* Build configuration list for PBXProject "SpaceInvaders" */;
			compatibilityVersion = "Xcode 3.2";
			developmentRegion = English;
			hasScannedForEncodings = 0;
			knownRegions = (
				en,
				Base,
			);
			mainGroup = CED521F31C0224F6008E3E3F;
			productRefGroup = CED521FD1C0224F6008E3E3F /* Products */;
			projectDirPath = "";
			projectRoot = "";
			targets = (
				CED521FB1C0224F6008E3E3F /* SpaceInvaders */,
			);
		};
/* End PBXProject section */

/* Begin PBXResourcesBuildPhase section */
		CED521FA1C0224F6008E3E3F /* Resources */ = {
			isa = PBXResourcesBuildPhase;
			buildActionMask = 2147483647;
			files = (
				CE6F64771C0230E6000E7B67 /* InvaderB_00.png in Resources */,
				CE6F647C1C0230E6000E7B67 /* InvaderC_00@2x.png in Resources */,
				CED5220B1C0224F6008E3E3F /* Main.storyboard in Resources */,
				CE6F64721C0230E6000E7B67 /* ShipHit.wav in Resources */,
				CED522021C0224F6008E3E3F /* GameScene.sks in Resources */,
				CE6F64701C0230E6000E7B67 /* InvaderHit.wav in Resources */,
				CED522081C0224F6008E3E3F /* Game.xcassets in Resources */,
				CE6F646E1C0230E6000E7B67 /* AssetLicensingNotes.txt in Resources */,
				CE6F64781C0230E6000E7B67 /* InvaderB_00@2x.png in Resources */,
				CE6F64761C0230E6000E7B67 /* InvaderA_01@2x.png in Resources */,
				CE6F646F1C0230E6000E7B67 /* InvaderBullet.wav in Resources */,
				CE6F64711C0230E6000E7B67 /* ShipBullet.wav in Resources */,
				CE6F64751C0230E6000E7B67 /* InvaderA_01.png in Resources */,
				CE6F647E1C0230E6000E7B67 /* InvaderC_01@2x.png in Resources */,
				CE6F64561C023028000E7B67 /* Assets.xcassets in Resources */,
				CE6F647D1C0230E6000E7B67 /* InvaderC_01.png in Resources */,
				CE6F647B1C0230E6000E7B67 /* InvaderC_00.png in Resources */,
				CE6F64801C0230E6000E7B67 /* Ship@2x.png in Resources */,
				CE6F647A1C0230E6000E7B67 /* InvaderB_01@2x.png in Resources */,
				CE6F64791C0230E6000E7B67 /* InvaderB_01.png in Resources */,
				CE6F64731C0230E6000E7B67 /* InvaderA_00.png in Resources */,
				CE6F64741C0230E6000E7B67 /* InvaderA_00@2x.png in Resources */,
				CE6F647F1C0230E6000E7B67 /* Ship.png in Resources */,
			);
			runOnlyForDeploymentPostprocessing = 0;
		};
/* End PBXResourcesBuildPhase section */

/* Begin PBXSourcesBuildPhase section */
		CED521F81C0224F6008E3E3F /* Sources */ = {
			isa = PBXSourcesBuildPhase;
			buildActionMask = 2147483647;
			files = (
				CE6F648F1C0232E0000E7B67 /* XCGLogger.swift in Sources */,
				CED522041C0224F6008E3E3F /* GameScene.swift in Sources */,
				CED522061C0224F6008E3E3F /* GameViewController.swift in Sources */,
				CED522001C0224F6008E3E3F /* AppDelegate.swift in Sources */,
			);
			runOnlyForDeploymentPostprocessing = 0;
		};
/* End PBXSourcesBuildPhase section */

/* Begin PBXVariantGroup section */
		CED522091C0224F6008E3E3F /* Main.storyboard */ = {
			isa = PBXVariantGroup;
			children = (
				CED5220A1C0224F6008E3E3F /* Base */,
			);
			name = Main.storyboard;
			sourceTree = "<group>";
		};
/* End PBXVariantGroup section */

/* Begin XCBuildConfiguration section */
		CED5220F1C0224F6008E3E3F /* Debug */ = {
			isa = XCBuildConfiguration;
			buildSettings = {
				ALWAYS_SEARCH_USER_PATHS = NO;
				CLANG_CXX_LANGUAGE_STANDARD = "gnu++0x";
				CLANG_CXX_LIBRARY = "libc++";
				CLANG_ENABLE_MODULES = YES;
				CLANG_ENABLE_OBJC_ARC = YES;
				CLANG_WARN_BOOL_CONVERSION = YES;
				CLANG_WARN_CONSTANT_CONVERSION = YES;
				CLANG_WARN_DIRECT_OBJC_ISA_USAGE = YES_ERROR;
				CLANG_WARN_EMPTY_BODY = YES;
				CLANG_WARN_ENUM_CONVERSION = YES;
				CLANG_WARN_INT_CONVERSION = YES;
				CLANG_WARN_OBJC_ROOT_CLASS = YES_ERROR;
				CLANG_WARN_UNREACHABLE_CODE = YES;
				CLANG_WARN__DUPLICATE_METHOD_MATCH = YES;
				COPY_PHASE_STRIP = NO;
				DEBUG_INFORMATION_FORMAT = "dwarf-with-dsym";
				ENABLE_STRICT_OBJC_MSGSEND = YES;
				ENABLE_TESTABILITY = YES;
				GCC_C_LANGUAGE_STANDARD = gnu99;
				GCC_DYNAMIC_NO_PIC = NO;
				GCC_NO_COMMON_BLOCKS = YES;
				GCC_OPTIMIZATION_LEVEL = 0;
				GCC_PREPROCESSOR_DEFINITIONS = (
					"DEBUG=1",
					"$(inherited)",
				);
				GCC_WARN_64_TO_32_BIT_CONVERSION = YES;
				GCC_WARN_ABOUT_RETURN_TYPE = YES_ERROR;
				GCC_WARN_UNDECLARED_SELECTOR = YES;
				GCC_WARN_UNINITIALIZED_AUTOS = YES_AGGRESSIVE;
				GCC_WARN_UNUSED_FUNCTION = YES;
				GCC_WARN_UNUSED_VARIABLE = YES;
				MTL_ENABLE_DEBUG_INFO = YES;
				ONLY_ACTIVE_ARCH = YES;
				SDKROOT = appletvos;
				SWIFT_OPTIMIZATION_LEVEL = "-Onone";
				TARGETED_DEVICE_FAMILY = 3;
				TVOS_DEPLOYMENT_TARGET = 9.0;
			};
			name = Debug;
		};
		CED522101C0224F6008E3E3F /* Release */ = {
			isa = XCBuildConfiguration;
			buildSettings = {
				ALWAYS_SEARCH_USER_PATHS = NO;
				CLANG_CXX_LANGUAGE_STANDARD = "gnu++0x";
				CLANG_CXX_LIBRARY = "libc++";
				CLANG_ENABLE_MODULES = YES;
				CLANG_ENABLE_OBJC_ARC = YES;
				CLANG_WARN_BOOL_CONVERSION = YES;
				CLANG_WARN_CONSTANT_CONVERSION = YES;
				CLANG_WARN_DIRECT_OBJC_ISA_USAGE = YES_ERROR;
				CLANG_WARN_EMPTY_BODY = YES;
				CLANG_WARN_ENUM_CONVERSION = YES;
				CLANG_WARN_INT_CONVERSION = YES;
				CLANG_WARN_OBJC_ROOT_CLASS = YES_ERROR;
				CLANG_WARN_UNREACHABLE_CODE = YES;
				CLANG_WARN__DUPLICATE_METHOD_MATCH = YES;
				COPY_PHASE_STRIP = NO;
				DEBUG_INFORMATION_FORMAT = "dwarf-with-dsym";
				ENABLE_NS_ASSERTIONS = NO;
				ENABLE_STRICT_OBJC_MSGSEND = YES;
				GCC_C_LANGUAGE_STANDARD = gnu99;
				GCC_NO_COMMON_BLOCKS = YES;
				GCC_WARN_64_TO_32_BIT_CONVERSION = YES;
				GCC_WARN_ABOUT_RETURN_TYPE = YES_ERROR;
				GCC_WARN_UNDECLARED_SELECTOR = YES;
				GCC_WARN_UNINITIALIZED_AUTOS = YES_AGGRESSIVE;
				GCC_WARN_UNUSED_FUNCTION = YES;
				GCC_WARN_UNUSED_VARIABLE = YES;
				MTL_ENABLE_DEBUG_INFO = NO;
				SDKROOT = appletvos;
				TARGETED_DEVICE_FAMILY = 3;
				TVOS_DEPLOYMENT_TARGET = 9.0;
				VALIDATE_PRODUCT = YES;
			};
			name = Release;
		};
		CED522121C0224F6008E3E3F /* Debug */ = {
			isa = XCBuildConfiguration;
			buildSettings = {
				ASSETCATALOG_COMPILER_APPICON_NAME = "App Icon & Top Shelf Image";
				ASSETCATALOG_COMPILER_LAUNCHIMAGE_NAME = LaunchImage;
				CODE_SIGN_IDENTITY = "iPhone Developer";
				INFOPLIST_FILE = SpaceInvaders/Info.plist;
				LD_RUNPATH_SEARCH_PATHS = "$(inherited) @executable_path/Frameworks";
				PRODUCT_BUNDLE_IDENTIFIER = com.ddg.SpaceInvaders;
				PRODUCT_NAME = "$(TARGET_NAME)";
			};
			name = Debug;
		};
		CED522131C0224F6008E3E3F /* Release */ = {
			isa = XCBuildConfiguration;
			buildSettings = {
				ASSETCATALOG_COMPILER_APPICON_NAME = "App Icon & Top Shelf Image";
				ASSETCATALOG_COMPILER_LAUNCHIMAGE_NAME = LaunchImage;
				CODE_SIGN_IDENTITY = "iPhone Developer";
				INFOPLIST_FILE = SpaceInvaders/Info.plist;
				LD_RUNPATH_SEARCH_PATHS = "$(inherited) @executable_path/Frameworks";
				PRODUCT_BUNDLE_IDENTIFIER = com.ddg.SpaceInvaders;
				PRODUCT_NAME = "$(TARGET_NAME)";
			};
			name = Release;
		};
/* End XCBuildConfiguration section */

/* Begin XCConfigurationList section */
		CED521F71C0224F6008E3E3F /* Build configuration list for PBXProject "SpaceInvaders" */ = {
			isa = XCConfigurationList;
			buildConfigurations = (
				CED5220F1C0224F6008E3E3F /* Debug */,
				CED522101C0224F6008E3E3F /* Release */,
			);
			defaultConfigurationIsVisible = 0;
			defaultConfigurationName = Release;
		};
		CED522111C0224F6008E3E3F /* Build configuration list for PBXNativeTarget "SpaceInvaders" */ = {
			isa = XCConfigurationList;
			buildConfigurations = (
				CED522121C0224F6008E3E3F /* Debug */,
				CED522131C0224F6008E3E3F /* Release */,
			);
			defaultConfigurationIsVisible = 0;
			defaultConfigurationName = Release;
		};
/* End XCConfigurationList section */
	};
	rootObject = CED521F41C0224F6008E3E3F /* Project object */;
}
